
Microsoft Visual Studio Solution File, Format Version 12.00
# Visual Studio Version 16
VisualStudioVersion = 16.0.29519.181
MinimumVisualStudioVersion = 10.0.40219.1
Project("{9A19103F-16F7-4668-BE54-9A1E7A4F7556}") = "WYJWeb", "WYJWeb\WYJWeb.csproj", "{C74C6A62-384E-4E9E-984E-1F051D9E01B9}"
EndProject
Project("{9A19103F-16F7-4668-BE54-9A1E7A4F7556}") = "WYJCore", "WYJCore\WYJCore.csproj", "{22357ABF-58BD-43E2-9449-2ADBCAC11098}"
EndProject
Project("{FAE04EC0-301F-11D3-BF4B-00C04F79EFBC}") = "WYJData", "WYJData\WYJData.csproj", "{D46099D6-520C-4615-AD56-3CD0799ADBD7}"
EndProject
Global
	GlobalSection(SolutionConfigurationPlatforms) = preSolution
		Debug|Any CPU = Debug|Any CPU
		Release|Any CPU = Release|Any CPU
	EndGlobalSection
	GlobalSection(ProjectConfigurationPlatforms) = postSolution
		{C74C6A62-384E-4E9E-984E-1F051D9E01B9}.Debug|Any CPU.ActiveCfg = Debug|Any CPU
		{C74C6A62-384E-4E9E-984E-1F051D9E01B9}.Debug|Any CPU.Build.0 = Debug|Any CPU
		{C74C6A62-384E-4E9E-984E-1F051D9E01B9}.Release|Any CPU.ActiveCfg = Release|Any CPU
		{C74C6A62-384E-4E9E-984E-1F051D9E01B9}.Release|Any CPU.Build.0 = Release|Any CPU
		{22357ABF-58BD-43E2-9449-2ADBCAC11098}.Debug|Any CPU.ActiveCfg = Debug|Any CPU
		{22357ABF-58BD-43E2-9449-2ADBCAC11098}.Debug|Any CPU.Build.0 = Debug|Any CPU
		{22357ABF-58BD-43E2-9449-2ADBCAC11098}.Release|Any CPU.ActiveCfg = Release|Any CPU
		{22357ABF-58BD-43E2-9449-2ADBCAC11098}.Release|Any CPU.Build.0 = Release|Any CPU
		{D46099D6-520C-4615-AD56-3CD0799ADBD7}.Debug|Any CPU.ActiveCfg = Debug|Any CPU
		{D46099D6-520C-4615-AD56-3CD0799ADBD7}.Debug|Any CPU.Build.0 = Debug|Any CPU
		{D46099D6-520C-4615-AD56-3CD0799ADBD7}.Release|Any CPU.ActiveCfg = Release|Any CPU
		{D46099D6-520C-4615-AD56-3CD0799ADBD7}.Release|Any CPU.Build.0 = Release|Any CPU
	EndGlobalSection
	GlobalSection(SolutionProperties) = preSolution
		HideSolutionNode = FALSE
	EndGlobalSection
	GlobalSection(ExtensibilityGlobals) = postSolution
		SolutionGuid = {8F5CC5AB-85ED-499C-8423-59BD151F7EC2}
	EndGlobalSection
EndGlobal
